
Microsoft Visual Studio Solution File, Format Version 12.00
# Visual Studio Version 17
VisualStudioVersion = 17.9.34723.18
MinimumVisualStudioVersion = 10.0.40219.1
Project("{FAE04EC0-301F-11D3-BF4B-00C04F79EFBC}") = "RPGMapper", "RPGMapper.csproj", "{86130578-D4CE-4F6E-8E23-6CCEF7D23844}"
EndProject
Global
	GlobalSection(SolutionConfigurationPlatforms) = preSolution
		Debug|Any CPU = Debug|Any CPU
		Release|Any CPU = Release|Any CPU
	EndGlobalSection
	GlobalSection(ProjectConfigurationPlatforms) = postSolution
		{86130578-D4CE-4F6E-8E23-6CCEF7D23844}.Debug|Any CPU.ActiveCfg = Debug|Any CPU
		{86130578-D4CE-4F6E-8E23-6CCEF7D23844}.Debug|Any CPU.Build.0 = Debug|Any CPU
		{86130578-D4CE-4F6E-8E23-6CCEF7D23844}.Release|Any CPU.ActiveCfg = Release|Any CPU
		{86130578-D4CE-4F6E-8E23-6CCEF7D23844}.Release|Any CPU.Build.0 = Release|Any CPU
	EndGlobalSection
	GlobalSection(SolutionProperties) = preSolution
		HideSolutionNode = FALSE
	EndGlobalSection
	GlobalSection(ExtensibilityGlobals) = postSolution
		SolutionGuid = {314319A2-0A86-404A-A404-FC4D10039D59}
	EndGlobalSection
EndGlobal
